{
  "name": "chatbootapi",
  "lockfileVersion": 3,
  "requires": true,
  "packages": {
    "": {
      "dependencies": {
        "groq": "^3.74.1"
      }
    },
    "node_modules/groq": {
      "version": "3.74.1",
      "resolved": "https://registry.npmjs.org/groq/-/groq-3.74.1.tgz",
      "integrity": "sha512-nQq2qlCTFNhkBZJ4tHY1tXQHEZDlqg/iFOtQIF5PEJNqrTG7/GQrHKwKlTjfcbq+qnJys2t45qVn10uLZAteZA==",
      "license": "MIT",
      "engines": {
        "node": ">=18"
      }
    }
  }
}
